
Microsoft Visual Studio Solution File, Format Version 12.00
# Visual Studio 2013
VisualStudioVersion = 12.0.30110.0
MinimumVisualStudioVersion = 10.0.40219.1
Project("{FAE04EC0-301F-11D3-BF4B-00C04F79EFBC}") = "jukebox", "jukebox\jukebox.csproj", "{202A1F9E-370A-4BD3-8EDE-714F1C36284E}"
EndProject
Project("{FAE04EC0-301F-11D3-BF4B-00C04F79EFBC}") = "jukebox.Tests", "jukebox.Tests\jukebox.Tests.csproj", "{367051E2-D28E-44E1-9916-6641F513A19A}"
EndProject
Global
	GlobalSection(SolutionConfigurationPlatforms) = preSolution
		Debug|Any CPU = Debug|Any CPU
		Release|Any CPU = Release|Any CPU
	EndGlobalSection
	GlobalSection(ProjectConfigurationPlatforms) = postSolution
		{202A1F9E-370A-4BD3-8EDE-714F1C36284E}.Debug|Any CPU.ActiveCfg = Debug|Any CPU
		{202A1F9E-370A-4BD3-8EDE-714F1C36284E}.Debug|Any CPU.Build.0 = Debug|Any CPU
		{202A1F9E-370A-4BD3-8EDE-714F1C36284E}.Release|Any CPU.ActiveCfg = Release|Any CPU
		{202A1F9E-370A-4BD3-8EDE-714F1C36284E}.Release|Any CPU.Build.0 = Release|Any CPU
		{367051E2-D28E-44E1-9916-6641F513A19A}.Debug|Any CPU.ActiveCfg = Debug|Any CPU
		{367051E2-D28E-44E1-9916-6641F513A19A}.Debug|Any CPU.Build.0 = Debug|Any CPU
		{367051E2-D28E-44E1-9916-6641F513A19A}.Release|Any CPU.ActiveCfg = Release|Any CPU
		{367051E2-D28E-44E1-9916-6641F513A19A}.Release|Any CPU.Build.0 = Release|Any CPU
	EndGlobalSection
	GlobalSection(SolutionProperties) = preSolution
		HideSolutionNode = FALSE
	EndGlobalSection
EndGlobal
